{
    "_meta": {
        "hash": {
            "sha256": "e126fb5cc2a7229f90f03e6483d473283453d4967769969f5d26fbf3977542e5"
        },
        "host-environment-markers": {
            "implementation_name": "cpython",
            "implementation_version": "3.6.3",
            "os_name": "posix",
            "platform_machine": "x86_64",
            "platform_python_implementation": "CPython",
            "platform_release": "4.13.0-1-amd64",
            "platform_system": "Linux",
            "platform_version": "#1 SMP Debian 4.13.4-2 (2017-10-15)",
            "python_full_version": "3.6.3",
            "python_version": "3.6",
            "sys_platform": "linux"
        },
        "pipfile-spec": 6,
        "requires": {},
        "sources": [
            {
                "name": "pypi",
                "url": "https://pypi.python.org/simple",
                "verify_ssl": true
            }
        ]
    },
    "default": {
        "flask": {
            "hashes": [
                "sha256:4c83829ff83d408b5e1d4995472265411d2c414112298f2eb4b359d9e4563373"
            ],
            "version": "==0.10.1"
        },
        "flask-cors": {
            "hashes": [
                "sha256:becd127ef0cab825366cdafc83c09cc90cbd9a291f73ffc2f2d021c55a33ef82",
                "sha256:f262e73adce557b2802a64054c82a0395576c88fbb944e3a9e1e2147140aa639"
            ],
            "version": "==2.1.2"
        },
        "flask-sockets": {
            "hashes": [
                "sha256:21c6d213917745c6b4b6c1eae5ed56e46a4fd4094e7971408d9fb408cdfbc756"
            ],
            "version": "==0.2.0"
        },
        "gevent": {
            "hashes": [
                "sha256:327913740250934b826df6f9603feabfe224a1e40fd424c12e74aab1755ba179",
                "sha256:39fb642270e8c1a244d61f21a97c09e230e295c82facb562ce821ef891fa084a",
                "sha256:b8e3e01aa324b54d7b430a58453b3ac24810bfc88c441216a71619b6a1dc709e",
                "sha256:51d2893311e899d9582981602452919aa39998d72e0dc721e9e5655f191bc819",
                "sha256:f83fb1dc357b762b0d277561ce90cc6616158e4bdf100cb7948a3101fb8f31dd",
                "sha256:129dedb82a9b0d9a3e32656ee74c9f338ae379a6c9178792e4c23bee8418a648",
                "sha256:acd1c956a42e6a6968bb75f8f1e7385f20b06281ff0f5390c4f6a26b01613d70",
                "sha256:343c62d4042f2833f5f459a4f1c1e2fed628ca2d75ffb582829e7d46effbf036",
                "sha256:2b5d67fc93819d6d003b493c2c98849d10af06fee321e2ba10c4bbf93b2c8fab",
                "sha256:7caaa026176d31207b09259fd013e3da9be0b35dd6ac9bb5526a0a449593ea97",
                "sha256:b2755a0cd89278d60b48fde995a6e641549ce65b68618000437da3d4284b3b14",
                "sha256:47fe7b2c05f20c1b64f0232c1b695182174127703f9a050497941c24bf482723",
                "sha256:fdbe8324495a5676869a376496fab28506c07d3895e213e9f723359d25e63838",
                "sha256:787627432d325bfeb5a09f199799ce8795dc16e48ffa7a9471d7f61c68951596",
                "sha256:952dc2ec9d1ac3d20171b174c9b9cb6555b7d090d22b29a8aeeaa9cf34be2345",
                "sha256:a2df5b4b954c71a8d45d9dfa3f0458cd1ae8ad4f1f93119e0954e05aadabde91",
                "sha256:6ee5b9851b2acde08df7ab9b9a2903f58b4b0e555405c444f4b1dd16f71caeea",
                "sha256:3ebe92c15e4afdf5eedd0eb7334b8ceb4f394a9ac41a8f4ee111e072d95a910f",
                "sha256:d43231806d36360bd13b2f8da6894216834cd5039cf3dc3d5030e5d83820b13a",
                "sha256:da26b17a3a2844b06fed9a911263fb15f2287700e1ab5ab047bd264d70cbd7b3",
                "sha256:baa1964683a92841ba7c2255a578939c705240d541e45c2651cf10c9351bcd99",
                "sha256:034488dcc2de4a6b8b86667d42e7685e10ccd2ef5c382c35c5d39fa55a098609",
                "sha256:cfcd12fd7b30308bdc9cf0b942a31093235def02d40561b509ff2ead27ca7475",
                "sha256:63cdad5907cf7638b1750150cb0ccdd9bb5ed55568e08a14ecb6446429d76b09",
                "sha256:13e420557adfade46681fb210d39a6b1e98a392d0f739db81deb8653a04d2093"
            ],
            "version": "==1.1.1"
        },
        "gevent-websocket": {
            "hashes": [
                "sha256:17b67d91282f8f4c973eba0551183fc84f56f1c90c8f6b6b30256f31f66f5242",
                "sha256:7eaef32968290c9121f7c35b973e2cc302ffb076d018c9068d2f5ca8b2d85fb0"
            ],
            "version": "==0.10.1"
        },
        "greenlet": {
            "hashes": [
                "sha256:ddbf30efe72a290e092a225968d6bcd6648d275a628f5e351367808311a2fd64",
                "sha256:6da8c3c42159ae7ad6f2d90cd8cba53530e94e796d7636c49c827b19346b1b5b",
                "sha256:ead5fddb863c1a16e57c23b39241b5e44e612100a568c1170cfb847458e35a6f",
                "sha256:b92ddce276d395323188f16454942a2e2977206278a9f21d71fb1684282880f5",
                "sha256:2fa84641f4def24b92f1a9b307a9c4fc74df7ee4ac1bf6a3b13e0d35ced7e794",
                "sha256:114cd3c54cb0b09fc8453fba9e4461d372795f47783f46287438dd0db6c71901",
                "sha256:5bfac4f247485128229a9e599515945b5651d8ea7a18a798d856231f166d574b",
                "sha256:a2fa73c6ad6329eada2794d96d91770d1aa3c47765dd07b5195fd038f1b93be2",
                "sha256:11f6fbb16df0fd595fec0b61e88f45f3d59cd8940db2f218de272c7702ec32b6",
                "sha256:2d48cbff2758ded71192f486a026815c975a7589d0d78d0cd8f7f5045b44b540",
                "sha256:b887bb9867f591e21040e1b8d8fe94df8aeb17489c2476bb88dc15533059561f",
                "sha256:8d4a900ab2f01d72697486e7774c156f587f4f11dc1a1f2498bba8ce6776e84a",
                "sha256:e6d7a3c083602099b7f340570645e251ed2ef9ab72737f1edb64fdf96a0ba1b6",
                "sha256:ca8f59589e3acedb29464a92552c59eb192aec8708d8075cfd291ce21b4a54a1",
                "sha256:f1fdc7ab99e3015ca7d99d397ccf5db674e6ce23fe98c84bf4d5685332016b96",
                "sha256:9abaaa5f00326a8e0fbb31f7835cc8527196fec8514e7bd5ea76d0a55e7f6107",
                "sha256:e726c82d52b04d451e812c7c5467b5c28fec957c07871ca6626266e7618fd287",
                "sha256:696a2697fdc28c2704e94e7d801d1eb3bcaaff3dbdbd1129bf40e6ab3dd35f62",
                "sha256:b406a659290cc9aa47ead4dec238ad07b04b53bf8a7545fb940ee4f46667b105",
                "sha256:e13d1eaf9fa7a9dfb3bd8e33818f1b3799bc5bdd9a808744210bc4d3e45f70b2",
                "sha256:79f9b8bbbb1c599c66aed5e643e8b53bae697cae46e0acfc4ee461df48a90012",
                "sha256:58b2f3a2e7075c655616bf95e82868db4980f3bb6661db70ad02a51e4ddd2252"
            ],
            "version": "==0.4.9"
        },
        "itsdangerous": {
            "hashes": [
                "sha256:cbb3fcf8d3e33df861709ecaf89d9e6629cff0a217bc2848f1b41cd30d360519"
            ],
            "version": "==0.24"
        },
        "jinja2": {
            "hashes": [
                "sha256:1cc03ef32b64be19e0a5b54578dd790906a34943fe9102cfdae0d4495bd536b4",
                "sha256:bc1ff2ff88dbfacefde4ddde471d1417d3b304e8df103a7a9437d47269201bf4"
            ],
            "version": "==2.8"
        },
        "markupsafe": {
            "hashes": [
                "sha256:a4ec1aff59b95a14b45eb2e23761a0179e98319da5a7eb76b56ea8cdc7b871c3"
            ],
            "version": "==0.23"
        },
        "numpy": {
            "hashes": [
                "sha256:dd514e914929b2ffda2626567b48e27a1da715f8fe0c868c41c928f99fa91305",
                "sha256:611cd19f4ae1dc8a0388d89b2b074f14d13ab19f66881d9ba669c90aa6c874fb",
                "sha256:cf49c2451905b170a32e043a2a4c323ac96c5d729713fe52c615dfcfb6816022",
                "sha256:579fda18697cf978fd4f8eef573b16285887411782fd029d7d6b09bd61658279",
                "sha256:eb503c83ca75d309a1c4a7ac62a8a6f465fbb5128d1a56a1c97c8fb1f999a22a",
                "sha256:07bd13135c267bc5c449c196c428935b0880cb43579af1d0da883e9dadc0ef64",
                "sha256:da76d2b0e49e7c392192e7c695eabbb0309ed031980197fe3e7c74dcfcede005",
                "sha256:b8f4afab6b8438036a99cf3384eccc7da6286c6e6077cfedb5651fd5fdcaeda0",
                "sha256:0f87221d407beb3a656f94a9706829b80f2864d010ca8ddebba6080893b18813",
                "sha256:e87c90be5719901ac19df861f40d8f16a9368cc68d3ede2b615c4c1524c305c8",
                "sha256:0b1d6a4758a0f98ce7f8d1f429d97eb721dc2f4dea2586d61d1bbc604bd803a9",
                "sha256:da21856583a1f6ed0131e2094d6e6ef1881b09860777510f979e33d8361f7379",
                "sha256:81160e1f01fa21c2ec7a8a26ff16ec47336ee28c61540feaf5b3014d13dbdaed",
                "sha256:7fde25785a99d22cda00ee900772e7ba2dbbd6c9384413afd1b6ebd66e90b2a4",
                "sha256:a1d1268d200816bfb9727a7a27b78d8e37ecec2e4d5ebd33eb64e2789e0db43e",
                "sha256:9109f260850627e4b83a3c4bcef4f2f99357eb4a5eaae75dec51c32f3c197aa3"
            ],
            "version": "==1.11.0"
        },
        "shapely": {
            "hashes": [
                "sha256:63b0df9511d931abd023da951a2c69a8ae0cb716bbc51e8fd5b9c94f5356c397",
                "sha256:de54c6b44195b966200bee2db8a2e6ec1ea32492ded0fe33116bc5a88a96ddb6",
                "sha256:e0a86731c4ddac397cb00fc2f8559b84f9be5edfa571fb1f38d04145376b7832",
                "sha256:e75d9461ad21ab0750b3e582a9af23de47c47c3aef43fa7f7ac0b63bc7ead851"
            ],
            "version": "==1.5.15"
        },
        "six": {
            "hashes": [
                "sha256:832dc0e10feb1aa2c68dcc57dbb658f1c7e65b9b61af69048abc87a2db00a0eb",
                "sha256:70e8a77beed4562e7f14fe23a786b54f6296e34344c23bc42f07b15018ff98e9"
            ],
            "version": "==1.11.0"
        },
        "werkzeug": {
            "hashes": [
                "sha256:cc4b84a685bfa01163a0bb30738d0dfcffa6af411dd489aed90f37a61bc4af26",
                "sha256:837b71338794634c24713a79c3b9c287301433f2d18cd0adefcbcf885e60c8a1"
            ],
            "version": "==0.11.9"
        }
    },
    "develop": {
        "falcon": {
            "hashes": [
                "sha256:b6d18d17acf25bb321664c357cb64f10c116edd018d80f6a57e24c5dd29ae879",
                "sha256:248da1b3da59a692094b63af7b758cfe222687e628fda94c8b516a59ce700737"
            ],
            "version": "==1.3.0"
        },
        "gunicorn": {
            "hashes": [
                "sha256:75af03c99389535f218cc596c7de74df4763803f7b63eb09d77e92b3956b36c6",
                "sha256:eee1169f0ca667be05db3351a0960765620dad53f53434262ff8901b68a1b622"
            ],
            "version": "==19.7.1"
        },
        "python-mimeparse": {
            "hashes": [
                "sha256:a295f03ff20341491bfe4717a39cd0a8cc9afad619ba44b77e86b0ab8a2b8282",
                "sha256:76e4b03d700a641fd7761d3cd4fdbbdcd787eade1ebfac43f877016328334f78"
            ],
            "version": "==1.6.0"
        },
        "six": {
            "hashes": [
                "sha256:832dc0e10feb1aa2c68dcc57dbb658f1c7e65b9b61af69048abc87a2db00a0eb",
                "sha256:70e8a77beed4562e7f14fe23a786b54f6296e34344c23bc42f07b15018ff98e9"
            ],
            "version": "==1.11.0"
        }
    }
}
